<?xml version="1.0" encoding="utf-8"?>
<Project ToolsVersion="4.0" xmlns="http://schemas.microsoft.com/developer/msbuild/2003">
  <ItemGroup>
    <Filter Include="src">
      <UniqueIdentifier>{3931f79e-2f6c-4c40-aae5-0d63c228b7a4}</UniqueIdentifier>
    </Filter>
    <Filter Include="include">
      <UniqueIdentifier>{23022985-5d8d-4d40-babb-0613ebed2b6e}</UniqueIdentifier>
    </Filter>
    <Filter Include="src\main">
      <UniqueIdentifier>{2fd0d91b-d50d-476f-94b1-5cc1ed1893e7}</UniqueIdentifier>
    </Filter>
    <Filter Include="include\pch">
      <UniqueIdentifier>{360346d9-c5ce-4f5f-9b9c-f3f34eb08f23}</UniqueIdentifier>
    </Filter>
    <Filter Include="include\window">
      <UniqueIdentifier>{fe60f5e7-db9e-46ef-a5be-cee37c45166e}</UniqueIdentifier>
    </Filter>
    <Filter Include="include\utils">
      <UniqueIdentifier>{e537e7ca-9f36-4e9f-bc6e-eb022227898d}</UniqueIdentifier>
    </Filter>
    <Filter Include="include\utils\timer">
      <UniqueIdentifier>{85a9c90b-7dcf-4745-930c-626abb760a9d}</UniqueIdentifier>
    </Filter>
    <Filter Include="src\utils">
      <UniqueIdentifier>{d2ae9728-73c3-432b-982d-70f4f2f5eb1f}</UniqueIdentifier>
    </Filter>
    <Filter Include="src\utils\timer">
      <UniqueIdentifier>{6b7b936e-a619-44c2-963a-43b3453a170b}</UniqueIdentifier>
    </Filter>
    <Filter Include="include\core">
      <UniqueIdentifier>{c87f4106-2bfa-4744-bdbd-2e4db8a53323}</UniqueIdentifier>
    </Filter>
    <Filter Include="src\core">
      <UniqueIdentifier>{6156b22d-9898-4377-9dd0-bebbcc9d634a}</UniqueIdentifier>
    </Filter>
    <Filter Include="src\window">
      <UniqueIdentifier>{1e06f78c-79d3-4dd5-a5df-421227f67bb1}</UniqueIdentifier>
    </Filter>
    <Filter Include="include\graphics">
      <UniqueIdentifier>{45d6e801-a173-4a30-9db7-c6e7fa6c317b}</UniqueIdentifier>
    </Filter>
  </ItemGroup>
  <ItemGroup>
    <ClCompile Include="..\src\main\main.cpp">
      <Filter>src\main</Filter>
    </ClCompile>
    <ClCompile Include="..\include\pch\pch.cpp">
      <Filter>include\pch</Filter>
    </ClCompile>
    <ClCompile Include="..\src\core\Core.cpp">
      <Filter>src\core</Filter>
    </ClCompile>
    <ClCompile Include="..\src\core\ClientConfig.cpp">
      <Filter>src\core</Filter>
    </ClCompile>
    <ClCompile Include="..\src\core\ClientView.cpp">
      <Filter>src\core</Filter>
    </ClCompile>
    <ClCompile Include="..\src\utils\timer\TimerWin32.cpp">
      <Filter>src\utils\timer</Filter>
    </ClCompile>
    <ClCompile Include="..\src\window\WindowWin32.cpp">
      <Filter>src\window</Filter>
    </ClCompile>
    <ClCompile Include="..\src\utils\SharedLibWin32.cpp">
      <Filter>src\utils</Filter>
    </ClCompile>
  </ItemGroup>
  <ItemGroup>
    <ClInclude Include="..\include\pch\pch.h">
      <Filter>include\pch</Filter>
    </ClInclude>
    <ClInclude Include="..\include\utils\timer\Timer.h">
      <Filter>include\utils\timer</Filter>
    </ClInclude>
    <ClInclude Include="..\include\core\ClientView.h">
      <Filter>include\core</Filter>
    </ClInclude>
    <ClInclude Include="..\include\window\Window.h">
      <Filter>include\window</Filter>
    </ClInclude>
    <ClInclude Include="..\include\core\Core.h">
      <Filter>include\core</Filter>
    </ClInclude>
    <ClInclude Include="..\include\core\ClientConfig.h">
      <Filter>include\core</Filter>
    </ClInclude>
    <ClInclude Include="..\include\window\InputDevices.h">
      <Filter>include\window</Filter>
    </ClInclude>
    <ClInclude Include="..\include\window\InputMessage.h">
      <Filter>include\window</Filter>
    </ClInclude>
    <ClInclude Include="..\include\graphics\RendererKind.h">
      <Filter>include\graphics</Filter>
    </ClInclude>
    <ClInclude Include="..\include\graphics\Renderer.h">
      <Filter>include\graphics</Filter>
    </ClInclude>
    <ClInclude Include="..\src\graphics\Renderer.cpp">
      <Filter>src</Filter>
    </ClInclude>
    <ClInclude Include="..\include\utils\timer\TimerWin32.h">
      <Filter>include\utils\timer</Filter>
    </ClInclude>
    <ClInclude Include="..\include\window\WindowWin32.h">
      <Filter>include\window</Filter>
    </ClInclude>
    <ClInclude Include="..\include\utils\SharedLibWin32.h">
      <Filter>include\utils</Filter>
    </ClInclude>
    <ClInclude Include="..\include\utils\SharedLib.h">
      <Filter>include\utils</Filter>
    </ClInclude>
  </ItemGroup>
</Project>